
Microsoft Visual Studio Solution File, Format Version 12.00
# Visual Studio Version 17
VisualStudioVersion = 17.13.35931.197
MinimumVisualStudioVersion = 10.0.40219.1
Project("{FAE04EC0-301F-11D3-BF4B-00C04F79EFBC}") = "ApiGateway", "ApiGateway\ApiGateway.csproj", "{C3FF37A4-1765-4BFB-9531-9ECAC6442C4B}"
EndProject
Global
	GlobalSection(SolutionConfigurationPlatforms) = preSolution
		Debug|Any CPU = Debug|Any CPU
		Release|Any CPU = Release|Any CPU
	EndGlobalSection
	GlobalSection(ProjectConfigurationPlatforms) = postSolution
		{C3FF37A4-1765-4BFB-9531-9ECAC6442C4B}.Debug|Any CPU.ActiveCfg = Debug|Any CPU
		{C3FF37A4-1765-4BFB-9531-9ECAC6442C4B}.Debug|Any CPU.Build.0 = Debug|Any CPU
		{C3FF37A4-1765-4BFB-9531-9ECAC6442C4B}.Release|Any CPU.ActiveCfg = Release|Any CPU
		{C3FF37A4-1765-4BFB-9531-9ECAC6442C4B}.Release|Any CPU.Build.0 = Release|Any CPU
	EndGlobalSection
	GlobalSection(SolutionProperties) = preSolution
		HideSolutionNode = FALSE
	EndGlobalSection
	GlobalSection(ExtensibilityGlobals) = postSolution
		SolutionGuid = {FBC436F7-3C63-422E-A96C-CD591CA11420}
	EndGlobalSection
EndGlobal
