
Microsoft Visual Studio Solution File, Format Version 12.00
# Visual Studio Version 17
VisualStudioVersion = 17.13.35931.197 d17.13
MinimumVisualStudioVersion = 10.0.40219.1
Project("{FAE04EC0-301F-11D3-BF4B-00C04F79EFBC}") = "AccountService.Api", "AccountService.Api.csproj", "{AD7DA1FB-D705-4E82-8462-60CF75C872FA}"
EndProject
Global
	GlobalSection(SolutionConfigurationPlatforms) = preSolution
		Debug|Any CPU = Debug|Any CPU
		Release|Any CPU = Release|Any CPU
	EndGlobalSection
	GlobalSection(ProjectConfigurationPlatforms) = postSolution
		{AD7DA1FB-D705-4E82-8462-60CF75C872FA}.Debug|Any CPU.ActiveCfg = Debug|Any CPU
		{AD7DA1FB-D705-4E82-8462-60CF75C872FA}.Debug|Any CPU.Build.0 = Debug|Any CPU
		{AD7DA1FB-D705-4E82-8462-60CF75C872FA}.Release|Any CPU.ActiveCfg = Release|Any CPU
		{AD7DA1FB-D705-4E82-8462-60CF75C872FA}.Release|Any CPU.Build.0 = Release|Any CPU
	EndGlobalSection
	GlobalSection(SolutionProperties) = preSolution
		HideSolutionNode = FALSE
	EndGlobalSection
	GlobalSection(ExtensibilityGlobals) = postSolution
		SolutionGuid = {B937B60F-B828-470E-9C36-E1C87E60A568}
	EndGlobalSection
EndGlobal
