
Microsoft Visual Studio Solution File, Format Version 12.00
# Visual Studio Version 17
VisualStudioVersion = 17.13.35931.197 d17.13
MinimumVisualStudioVersion = 10.0.40219.1
Project("{FAE04EC0-301F-11D3-BF4B-00C04F79EFBC}") = "AccountService.Application", "AccountService.Application.csproj", "{981AB479-5031-4597-9646-DA450EC87819}"
EndProject
Global
	GlobalSection(SolutionConfigurationPlatforms) = preSolution
		Debug|Any CPU = Debug|Any CPU
		Release|Any CPU = Release|Any CPU
	EndGlobalSection
	GlobalSection(ProjectConfigurationPlatforms) = postSolution
		{981AB479-5031-4597-9646-DA450EC87819}.Debug|Any CPU.ActiveCfg = Debug|Any CPU
		{981AB479-5031-4597-9646-DA450EC87819}.Debug|Any CPU.Build.0 = Debug|Any CPU
		{981AB479-5031-4597-9646-DA450EC87819}.Release|Any CPU.ActiveCfg = Release|Any CPU
		{981AB479-5031-4597-9646-DA450EC87819}.Release|Any CPU.Build.0 = Release|Any CPU
	EndGlobalSection
	GlobalSection(SolutionProperties) = preSolution
		HideSolutionNode = FALSE
	EndGlobalSection
	GlobalSection(ExtensibilityGlobals) = postSolution
		SolutionGuid = {24925368-552F-402D-9652-0DD0D46024E7}
	EndGlobalSection
EndGlobal
