
Microsoft Visual Studio Solution File, Format Version 12.00
# Visual Studio Version 17
VisualStudioVersion = 17.13.35931.197
MinimumVisualStudioVersion = 10.0.40219.1
Project("{FAE04EC0-301F-11D3-BF4B-00C04F79EFBC}") = "ApiGateway", "src\ApiGateway\ApiGateway\ApiGateway.csproj", "{7E4A8BB6-F948-F1FA-5418-1A43FA80C499}"
EndProject
Project("{FAE04EC0-301F-11D3-BF4B-00C04F79EFBC}") = "AccountService.Api", "src\AccountService\AccountService.Api\AccountService.Api.csproj", "{1B2778B8-682A-1578-F9C9-53B350AB40E4}"
EndProject
Project("{FAE04EC0-301F-11D3-BF4B-00C04F79EFBC}") = "AccountService.Application", "src\AccountService\AccountService.Application\AccountService.Application.csproj", "{AE9E569A-0C90-FBB8-6D1E-6F2DFEEAADA1}"
EndProject
Project("{FAE04EC0-301F-11D3-BF4B-00C04F79EFBC}") = "AccountService.Domain", "src\AccountService\AccountService.Domain\AccountService.Domain.csproj", "{FD05AE5E-5C32-BF4F-1155-90004DF2C618}"
EndProject
Project("{FAE04EC0-301F-11D3-BF4B-00C04F79EFBC}") = "AccountService.Infrastructure", "src\AccountService\AccountService.Infrastructure\AccountService.Infrastructure.csproj", "{40DD994A-72D1-81E8-A6A2-97B8085EF091}"
EndProject
Project("{FAE04EC0-301F-11D3-BF4B-00C04F79EFBC}") = "Shared.Common", "src\Shared\Shared.Common\Shared.Common.csproj", "{A9AE2BD3-76A6-82BC-E712-3D9AEFB78C75}"
EndProject
Project("{FAE04EC0-301F-11D3-BF4B-00C04F79EFBC}") = "Shared.Messaging", "src\Shared\Shared.Messaging\Shared.Messaging.csproj", "{DEA2BDE7-2DC4-5569-42A8-6F77A26EC551}"
EndProject
Project("{2150E333-8FDC-42A3-9474-1A3956D46DE8}") = "Solution Items", "Solution Items", "{8EC462FD-D22E-90A8-E5CE-7E832BA40C5D}"
	ProjectSection(SolutionItems) = preProject
		.env = .env
		docker-compose.yml = docker-compose.yml
		Livekit.yaml = Livekit.yaml
	EndProjectSection
EndProject
Project("{FAE04EC0-301F-11D3-BF4B-00C04F79EFBC}") = "ProductService.Api", "src\ProductService\ProductService.Api\ProductService.Api.csproj", "{A32F825E-1D0D-9E64-9FA3-3F81C88CEFFF}"
EndProject
Project("{FAE04EC0-301F-11D3-BF4B-00C04F79EFBC}") = "ProductService.Application", "src\ProductService\ProductService.Application\ProductService.Application.csproj", "{B49F925B-EF53-7BE6-ECC0-43F6592CE422}"
EndProject
Project("{FAE04EC0-301F-11D3-BF4B-00C04F79EFBC}") = "ProductService.Domain", "src\ProductService\ProductService.Domain\ProductService.Domain.csproj", "{EE17039F-61F8-F32D-177B-3D5815BC0743}"
EndProject
Project("{FAE04EC0-301F-11D3-BF4B-00C04F79EFBC}") = "ProductService.Infrastructure", "src\ProductService\ProductService.Infrastructure\ProductService.Infrastructure.csproj", "{784FFABB-8A19-C5FA-94EB-B5DA8FEF770E}"
EndProject
Project("{FAE04EC0-301F-11D3-BF4B-00C04F79EFBC}") = "ShopService.Api", "src\ShopService\ShopService.Api\ShopService.Api.csproj", "{333321F6-6A05-4F5C-26F5-AFC88B089E6B}"
EndProject
Project("{FAE04EC0-301F-11D3-BF4B-00C04F79EFBC}") = "ShopService.Application", "src\ShopService\ShopService.Application\ShopService.Application.csproj", "{1B6C6964-6E9B-5BE2-BD37-4C43E4816FC9}"
EndProject
Project("{FAE04EC0-301F-11D3-BF4B-00C04F79EFBC}") = "ShopService.Domain", "src\ShopService\ShopService.Domain\ShopService.Domain.csproj", "{202208EB-9690-78CD-8039-6872C96B433E}"
EndProject
Project("{FAE04EC0-301F-11D3-BF4B-00C04F79EFBC}") = "ShopService.Infrastructure", "src\ShopService\ShopService.Infrastructure\ShopService.Infrastructure.csproj", "{E9A84D90-5D0A-C822-4C2B-EAF8FB385057}"
EndProject
Project("{FAE04EC0-301F-11D3-BF4B-00C04F79EFBC}") = "CartService.Application", "src\CartService\CartService.Application\CartService.Application.csproj", "{961229D3-7430-B3C3-46ED-5749E1ED7B14}"
EndProject
Project("{FAE04EC0-301F-11D3-BF4B-00C04F79EFBC}") = "CartService.Domain", "src\CartService\CartService.Domain\CartService.Domain.csproj", "{8ADE0CFF-6D18-B0CF-FA60-095080556AFF}"
EndProject
Project("{FAE04EC0-301F-11D3-BF4B-00C04F79EFBC}") = "CartService.Infrastructure", "src\CartService\CartService.Infrastructure\CartService.Infrastructure.csproj", "{A205B01D-6A4C-C45C-7A49-96760189B2F9}"
EndProject
Project("{FAE04EC0-301F-11D3-BF4B-00C04F79EFBC}") = "CartService.Api", "src\CartService\CartService.Api\CartService.Api.csproj", "{6E5B7FFA-85FC-E318-1A31-2E2AC5CED66B}"
EndProject
Project("{FAE04EC0-301F-11D3-BF4B-00C04F79EFBC}") = "OrderService.Api", "src\OrderService\OrderService.Api\OrderService.Api.csproj", "{5097513A-6D89-E3B5-ED09-16233862C02A}"
EndProject
Project("{FAE04EC0-301F-11D3-BF4B-00C04F79EFBC}") = "OrderService.Application", "src\OrderService\OrderService.Application\OrderService.Application.csproj", "{D30910F4-5EC0-5917-19E0-D613F156FF9F}"
EndProject
Project("{FAE04EC0-301F-11D3-BF4B-00C04F79EFBC}") = "OrderService.Domain", "src\OrderService\OrderService.Domain\OrderService.Domain.csproj", "{DB5AB8B7-B423-D01D-E153-7B243C58A8FF}"
EndProject
Project("{FAE04EC0-301F-11D3-BF4B-00C04F79EFBC}") = "OrderService.Infrastructure", "src\OrderService\OrderService.Infrastructure\OrderService.Infrastructure.csproj", "{8839DEC1-4F84-90AE-99E5-8BF253AC8297}"
EndProject
Project("{FAE04EC0-301F-11D3-BF4B-00C04F79EFBC}") = "DeliveryService.Api", "src\DeliveryService\DeliveryService.Api\DeliveryService.Api.csproj", "{6B33AF64-6707-4775-84FF-6ADD36758A26}"
EndProject
Project("{FAE04EC0-301F-11D3-BF4B-00C04F79EFBC}") = "DeliveryService.Application", "src\DeliveryService\DeliveryService.Application\DeliveryService.Application.csproj", "{08BE0387-893F-4CF3-A6BC-04103C78C24F}"
EndProject
Project("{FAE04EC0-301F-11D3-BF4B-00C04F79EFBC}") = "DeliveryService.Domain", "src\DeliveryService\DeliveryService.Domain\DeliveryService.Domain.csproj", "{6B6F2700-19DE-441C-9E69-B2A35D630B58}"
EndProject
Project("{FAE04EC0-301F-11D3-BF4B-00C04F79EFBC}") = "DeliveryService.Infrastucture", "src\DeliveryService\DeliveryService.Infrastucture\DeliveryService.Infrastucture.csproj", "{15D518A9-4116-49EF-9621-09A1BCBF68D4}"
EndProject
Project("{FAE04EC0-301F-11D3-BF4B-00C04F79EFBC}") = "PaymentService.Api", "src\PaymentService\PaymentService.Api\PaymentService.Api.csproj", "{B42FDAEA-A248-1780-D9CC-AAEFA64F85C8}"
EndProject
Project("{FAE04EC0-301F-11D3-BF4B-00C04F79EFBC}") = "PaymentService.Application", "src\PaymentService\PaymentService.Application\PaymentService.Application.csproj", "{9CF0FF07-6DFF-102D-5A7D-F1CB525BDB84}"
EndProject
Project("{FAE04EC0-301F-11D3-BF4B-00C04F79EFBC}") = "PaymentService.Domain", "src\PaymentService\PaymentService.Domain\PaymentService.Domain.csproj", "{0BB2BA00-48D7-26A5-BA54-8F5C79D11E12}"
EndProject
Project("{FAE04EC0-301F-11D3-BF4B-00C04F79EFBC}") = "PaymentService.Infrastructure", "src\PaymentService\PaymentService.Infrastructure\PaymentService.Infrastructure.csproj", "{B0D1C373-B366-827B-C738-157E0388B543}"
EndProject
Project("{FAE04EC0-301F-11D3-BF4B-00C04F79EFBC}") = "Notification.Api", "src\NotificationService\Notification.Api\Notification.Api.csproj", "{46C2CD6B-0FA0-48D4-A48C-177AAD543B99}"
EndProject
Project("{FAE04EC0-301F-11D3-BF4B-00C04F79EFBC}") = "Notification.Application", "src\NotificationService\Notification.Application\Notification.Application.csproj", "{DEA7D792-2893-43A2-9928-548D3A804A17}"
EndProject
Project("{FAE04EC0-301F-11D3-BF4B-00C04F79EFBC}") = "Notification.Domain", "src\NotificationService\Notification.Domain\Notification.Domain.csproj", "{B7BFBE36-74CF-4136-ADD6-0880B115A96F}"
EndProject
Project("{FAE04EC0-301F-11D3-BF4B-00C04F79EFBC}") = "LivestreamService.Api", "src\LivestreamService\LivestreamService.Api\LivestreamService.Api.csproj", "{D5CF9303-BB33-E10D-4FFF-10AA1EB8B12C}"
EndProject
Project("{FAE04EC0-301F-11D3-BF4B-00C04F79EFBC}") = "LivestreamService.Application", "src\LivestreamService\Livestreamservice.Application\LivestreamService.Application.csproj", "{6C822AB5-6384-23E1-B0E3-28A1EE58F18C}"
EndProject
Project("{FAE04EC0-301F-11D3-BF4B-00C04F79EFBC}") = "LivestreamService.Domain", "src\LivestreamService\Livestreamservice.Domain\LivestreamService.Domain.csproj", "{8324F904-95AA-E040-09D8-D74A400A55B4}"
EndProject
Project("{FAE04EC0-301F-11D3-BF4B-00C04F79EFBC}") = "LivestreamService.Infrastructure", "src\LivestreamService\LivestreamService.Infrastructure\LivestreamService.Infrastructure.csproj", "{D38467B2-F66A-A6C6-080F-C44D6A5BC398}"
EndProject
Project("{FAE04EC0-301F-11D3-BF4B-00C04F79EFBC}") = "Notification.Infrastructure", "src\NotificationService\Notification.Infrastructure\Notification.Infrastructure.csproj", "{1BDA8EC0-1EA9-4336-A174-60833476DEBD}"
EndProject
Global
	GlobalSection(SolutionConfigurationPlatforms) = preSolution
		Debug|Any CPU = Debug|Any CPU
		Release|Any CPU = Release|Any CPU
	EndGlobalSection
	GlobalSection(ProjectConfigurationPlatforms) = postSolution
		{7E4A8BB6-F948-F1FA-5418-1A43FA80C499}.Debug|Any CPU.ActiveCfg = Debug|Any CPU
		{7E4A8BB6-F948-F1FA-5418-1A43FA80C499}.Debug|Any CPU.Build.0 = Debug|Any CPU
		{7E4A8BB6-F948-F1FA-5418-1A43FA80C499}.Release|Any CPU.ActiveCfg = Release|Any CPU
		{7E4A8BB6-F948-F1FA-5418-1A43FA80C499}.Release|Any CPU.Build.0 = Release|Any CPU
		{1B2778B8-682A-1578-F9C9-53B350AB40E4}.Debug|Any CPU.ActiveCfg = Debug|Any CPU
		{1B2778B8-682A-1578-F9C9-53B350AB40E4}.Debug|Any CPU.Build.0 = Debug|Any CPU
		{1B2778B8-682A-1578-F9C9-53B350AB40E4}.Release|Any CPU.ActiveCfg = Release|Any CPU
		{1B2778B8-682A-1578-F9C9-53B350AB40E4}.Release|Any CPU.Build.0 = Release|Any CPU
		{AE9E569A-0C90-FBB8-6D1E-6F2DFEEAADA1}.Debug|Any CPU.ActiveCfg = Debug|Any CPU
		{AE9E569A-0C90-FBB8-6D1E-6F2DFEEAADA1}.Debug|Any CPU.Build.0 = Debug|Any CPU
		{AE9E569A-0C90-FBB8-6D1E-6F2DFEEAADA1}.Release|Any CPU.ActiveCfg = Release|Any CPU
		{AE9E569A-0C90-FBB8-6D1E-6F2DFEEAADA1}.Release|Any CPU.Build.0 = Release|Any CPU
		{FD05AE5E-5C32-BF4F-1155-90004DF2C618}.Debug|Any CPU.ActiveCfg = Debug|Any CPU
		{FD05AE5E-5C32-BF4F-1155-90004DF2C618}.Debug|Any CPU.Build.0 = Debug|Any CPU
		{FD05AE5E-5C32-BF4F-1155-90004DF2C618}.Release|Any CPU.ActiveCfg = Release|Any CPU
		{FD05AE5E-5C32-BF4F-1155-90004DF2C618}.Release|Any CPU.Build.0 = Release|Any CPU
		{40DD994A-72D1-81E8-A6A2-97B8085EF091}.Debug|Any CPU.ActiveCfg = Debug|Any CPU
		{40DD994A-72D1-81E8-A6A2-97B8085EF091}.Debug|Any CPU.Build.0 = Debug|Any CPU
		{40DD994A-72D1-81E8-A6A2-97B8085EF091}.Release|Any CPU.ActiveCfg = Release|Any CPU
		{40DD994A-72D1-81E8-A6A2-97B8085EF091}.Release|Any CPU.Build.0 = Release|Any CPU
		{A9AE2BD3-76A6-82BC-E712-3D9AEFB78C75}.Debug|Any CPU.ActiveCfg = Debug|Any CPU
		{A9AE2BD3-76A6-82BC-E712-3D9AEFB78C75}.Debug|Any CPU.Build.0 = Debug|Any CPU
		{A9AE2BD3-76A6-82BC-E712-3D9AEFB78C75}.Release|Any CPU.ActiveCfg = Release|Any CPU
		{A9AE2BD3-76A6-82BC-E712-3D9AEFB78C75}.Release|Any CPU.Build.0 = Release|Any CPU
		{DEA2BDE7-2DC4-5569-42A8-6F77A26EC551}.Debug|Any CPU.ActiveCfg = Debug|Any CPU
		{DEA2BDE7-2DC4-5569-42A8-6F77A26EC551}.Debug|Any CPU.Build.0 = Debug|Any CPU
		{DEA2BDE7-2DC4-5569-42A8-6F77A26EC551}.Release|Any CPU.ActiveCfg = Release|Any CPU
		{DEA2BDE7-2DC4-5569-42A8-6F77A26EC551}.Release|Any CPU.Build.0 = Release|Any CPU
		{A32F825E-1D0D-9E64-9FA3-3F81C88CEFFF}.Debug|Any CPU.ActiveCfg = Debug|Any CPU
		{A32F825E-1D0D-9E64-9FA3-3F81C88CEFFF}.Debug|Any CPU.Build.0 = Debug|Any CPU
		{A32F825E-1D0D-9E64-9FA3-3F81C88CEFFF}.Release|Any CPU.ActiveCfg = Release|Any CPU
		{A32F825E-1D0D-9E64-9FA3-3F81C88CEFFF}.Release|Any CPU.Build.0 = Release|Any CPU
		{B49F925B-EF53-7BE6-ECC0-43F6592CE422}.Debug|Any CPU.ActiveCfg = Debug|Any CPU
		{B49F925B-EF53-7BE6-ECC0-43F6592CE422}.Debug|Any CPU.Build.0 = Debug|Any CPU
		{B49F925B-EF53-7BE6-ECC0-43F6592CE422}.Release|Any CPU.ActiveCfg = Release|Any CPU
		{B49F925B-EF53-7BE6-ECC0-43F6592CE422}.Release|Any CPU.Build.0 = Release|Any CPU
		{EE17039F-61F8-F32D-177B-3D5815BC0743}.Debug|Any CPU.ActiveCfg = Debug|Any CPU
		{EE17039F-61F8-F32D-177B-3D5815BC0743}.Debug|Any CPU.Build.0 = Debug|Any CPU
		{EE17039F-61F8-F32D-177B-3D5815BC0743}.Release|Any CPU.ActiveCfg = Release|Any CPU
		{EE17039F-61F8-F32D-177B-3D5815BC0743}.Release|Any CPU.Build.0 = Release|Any CPU
		{784FFABB-8A19-C5FA-94EB-B5DA8FEF770E}.Debug|Any CPU.ActiveCfg = Debug|Any CPU
		{784FFABB-8A19-C5FA-94EB-B5DA8FEF770E}.Debug|Any CPU.Build.0 = Debug|Any CPU
		{784FFABB-8A19-C5FA-94EB-B5DA8FEF770E}.Release|Any CPU.ActiveCfg = Release|Any CPU
		{784FFABB-8A19-C5FA-94EB-B5DA8FEF770E}.Release|Any CPU.Build.0 = Release|Any CPU
		{333321F6-6A05-4F5C-26F5-AFC88B089E6B}.Debug|Any CPU.ActiveCfg = Debug|Any CPU
		{333321F6-6A05-4F5C-26F5-AFC88B089E6B}.Debug|Any CPU.Build.0 = Debug|Any CPU
		{333321F6-6A05-4F5C-26F5-AFC88B089E6B}.Release|Any CPU.ActiveCfg = Release|Any CPU
		{333321F6-6A05-4F5C-26F5-AFC88B089E6B}.Release|Any CPU.Build.0 = Release|Any CPU
		{1B6C6964-6E9B-5BE2-BD37-4C43E4816FC9}.Debug|Any CPU.ActiveCfg = Debug|Any CPU
		{1B6C6964-6E9B-5BE2-BD37-4C43E4816FC9}.Debug|Any CPU.Build.0 = Debug|Any CPU
		{1B6C6964-6E9B-5BE2-BD37-4C43E4816FC9}.Release|Any CPU.ActiveCfg = Release|Any CPU
		{1B6C6964-6E9B-5BE2-BD37-4C43E4816FC9}.Release|Any CPU.Build.0 = Release|Any CPU
		{202208EB-9690-78CD-8039-6872C96B433E}.Debug|Any CPU.ActiveCfg = Debug|Any CPU
		{202208EB-9690-78CD-8039-6872C96B433E}.Debug|Any CPU.Build.0 = Debug|Any CPU
		{202208EB-9690-78CD-8039-6872C96B433E}.Release|Any CPU.ActiveCfg = Release|Any CPU
		{202208EB-9690-78CD-8039-6872C96B433E}.Release|Any CPU.Build.0 = Release|Any CPU
		{E9A84D90-5D0A-C822-4C2B-EAF8FB385057}.Debug|Any CPU.ActiveCfg = Debug|Any CPU
		{E9A84D90-5D0A-C822-4C2B-EAF8FB385057}.Debug|Any CPU.Build.0 = Debug|Any CPU
		{E9A84D90-5D0A-C822-4C2B-EAF8FB385057}.Release|Any CPU.ActiveCfg = Release|Any CPU
		{E9A84D90-5D0A-C822-4C2B-EAF8FB385057}.Release|Any CPU.Build.0 = Release|Any CPU
		{961229D3-7430-B3C3-46ED-5749E1ED7B14}.Debug|Any CPU.ActiveCfg = Debug|Any CPU
		{961229D3-7430-B3C3-46ED-5749E1ED7B14}.Debug|Any CPU.Build.0 = Debug|Any CPU
		{961229D3-7430-B3C3-46ED-5749E1ED7B14}.Release|Any CPU.ActiveCfg = Release|Any CPU
		{961229D3-7430-B3C3-46ED-5749E1ED7B14}.Release|Any CPU.Build.0 = Release|Any CPU
		{8ADE0CFF-6D18-B0CF-FA60-095080556AFF}.Debug|Any CPU.ActiveCfg = Debug|Any CPU
		{8ADE0CFF-6D18-B0CF-FA60-095080556AFF}.Debug|Any CPU.Build.0 = Debug|Any CPU
		{8ADE0CFF-6D18-B0CF-FA60-095080556AFF}.Release|Any CPU.ActiveCfg = Release|Any CPU
		{8ADE0CFF-6D18-B0CF-FA60-095080556AFF}.Release|Any CPU.Build.0 = Release|Any CPU
		{A205B01D-6A4C-C45C-7A49-96760189B2F9}.Debug|Any CPU.ActiveCfg = Debug|Any CPU
		{A205B01D-6A4C-C45C-7A49-96760189B2F9}.Debug|Any CPU.Build.0 = Debug|Any CPU
		{A205B01D-6A4C-C45C-7A49-96760189B2F9}.Release|Any CPU.ActiveCfg = Release|Any CPU
		{A205B01D-6A4C-C45C-7A49-96760189B2F9}.Release|Any CPU.Build.0 = Release|Any CPU
		{6E5B7FFA-85FC-E318-1A31-2E2AC5CED66B}.Debug|Any CPU.ActiveCfg = Debug|Any CPU
		{6E5B7FFA-85FC-E318-1A31-2E2AC5CED66B}.Debug|Any CPU.Build.0 = Debug|Any CPU
		{6E5B7FFA-85FC-E318-1A31-2E2AC5CED66B}.Release|Any CPU.ActiveCfg = Release|Any CPU
		{6E5B7FFA-85FC-E318-1A31-2E2AC5CED66B}.Release|Any CPU.Build.0 = Release|Any CPU
		{5097513A-6D89-E3B5-ED09-16233862C02A}.Debug|Any CPU.ActiveCfg = Debug|Any CPU
		{5097513A-6D89-E3B5-ED09-16233862C02A}.Debug|Any CPU.Build.0 = Debug|Any CPU
		{5097513A-6D89-E3B5-ED09-16233862C02A}.Release|Any CPU.ActiveCfg = Release|Any CPU
		{5097513A-6D89-E3B5-ED09-16233862C02A}.Release|Any CPU.Build.0 = Release|Any CPU
		{D30910F4-5EC0-5917-19E0-D613F156FF9F}.Debug|Any CPU.ActiveCfg = Debug|Any CPU
		{D30910F4-5EC0-5917-19E0-D613F156FF9F}.Debug|Any CPU.Build.0 = Debug|Any CPU
		{D30910F4-5EC0-5917-19E0-D613F156FF9F}.Release|Any CPU.ActiveCfg = Release|Any CPU
		{D30910F4-5EC0-5917-19E0-D613F156FF9F}.Release|Any CPU.Build.0 = Release|Any CPU
		{DB5AB8B7-B423-D01D-E153-7B243C58A8FF}.Debug|Any CPU.ActiveCfg = Debug|Any CPU
		{DB5AB8B7-B423-D01D-E153-7B243C58A8FF}.Debug|Any CPU.Build.0 = Debug|Any CPU
		{DB5AB8B7-B423-D01D-E153-7B243C58A8FF}.Release|Any CPU.ActiveCfg = Release|Any CPU
		{DB5AB8B7-B423-D01D-E153-7B243C58A8FF}.Release|Any CPU.Build.0 = Release|Any CPU
		{8839DEC1-4F84-90AE-99E5-8BF253AC8297}.Debug|Any CPU.ActiveCfg = Debug|Any CPU
		{8839DEC1-4F84-90AE-99E5-8BF253AC8297}.Debug|Any CPU.Build.0 = Debug|Any CPU
		{8839DEC1-4F84-90AE-99E5-8BF253AC8297}.Release|Any CPU.ActiveCfg = Release|Any CPU
		{8839DEC1-4F84-90AE-99E5-8BF253AC8297}.Release|Any CPU.Build.0 = Release|Any CPU
		{6B33AF64-6707-4775-84FF-6ADD36758A26}.Debug|Any CPU.ActiveCfg = Debug|Any CPU
		{6B33AF64-6707-4775-84FF-6ADD36758A26}.Debug|Any CPU.Build.0 = Debug|Any CPU
		{6B33AF64-6707-4775-84FF-6ADD36758A26}.Release|Any CPU.ActiveCfg = Release|Any CPU
		{6B33AF64-6707-4775-84FF-6ADD36758A26}.Release|Any CPU.Build.0 = Release|Any CPU
		{08BE0387-893F-4CF3-A6BC-04103C78C24F}.Debug|Any CPU.ActiveCfg = Debug|Any CPU
		{08BE0387-893F-4CF3-A6BC-04103C78C24F}.Debug|Any CPU.Build.0 = Debug|Any CPU
		{08BE0387-893F-4CF3-A6BC-04103C78C24F}.Release|Any CPU.ActiveCfg = Release|Any CPU
		{08BE0387-893F-4CF3-A6BC-04103C78C24F}.Release|Any CPU.Build.0 = Release|Any CPU
		{6B6F2700-19DE-441C-9E69-B2A35D630B58}.Debug|Any CPU.ActiveCfg = Debug|Any CPU
		{6B6F2700-19DE-441C-9E69-B2A35D630B58}.Debug|Any CPU.Build.0 = Debug|Any CPU
		{6B6F2700-19DE-441C-9E69-B2A35D630B58}.Release|Any CPU.ActiveCfg = Release|Any CPU
		{6B6F2700-19DE-441C-9E69-B2A35D630B58}.Release|Any CPU.Build.0 = Release|Any CPU
		{15D518A9-4116-49EF-9621-09A1BCBF68D4}.Debug|Any CPU.ActiveCfg = Debug|Any CPU
		{15D518A9-4116-49EF-9621-09A1BCBF68D4}.Debug|Any CPU.Build.0 = Debug|Any CPU
		{15D518A9-4116-49EF-9621-09A1BCBF68D4}.Release|Any CPU.ActiveCfg = Release|Any CPU
		{15D518A9-4116-49EF-9621-09A1BCBF68D4}.Release|Any CPU.Build.0 = Release|Any CPU
		{B42FDAEA-A248-1780-D9CC-AAEFA64F85C8}.Debug|Any CPU.ActiveCfg = Debug|Any CPU
		{B42FDAEA-A248-1780-D9CC-AAEFA64F85C8}.Debug|Any CPU.Build.0 = Debug|Any CPU
		{B42FDAEA-A248-1780-D9CC-AAEFA64F85C8}.Release|Any CPU.ActiveCfg = Release|Any CPU
		{B42FDAEA-A248-1780-D9CC-AAEFA64F85C8}.Release|Any CPU.Build.0 = Release|Any CPU
		{9CF0FF07-6DFF-102D-5A7D-F1CB525BDB84}.Debug|Any CPU.ActiveCfg = Debug|Any CPU
		{9CF0FF07-6DFF-102D-5A7D-F1CB525BDB84}.Debug|Any CPU.Build.0 = Debug|Any CPU
		{9CF0FF07-6DFF-102D-5A7D-F1CB525BDB84}.Release|Any CPU.ActiveCfg = Release|Any CPU
		{9CF0FF07-6DFF-102D-5A7D-F1CB525BDB84}.Release|Any CPU.Build.0 = Release|Any CPU
		{0BB2BA00-48D7-26A5-BA54-8F5C79D11E12}.Debug|Any CPU.ActiveCfg = Debug|Any CPU
		{0BB2BA00-48D7-26A5-BA54-8F5C79D11E12}.Debug|Any CPU.Build.0 = Debug|Any CPU
		{0BB2BA00-48D7-26A5-BA54-8F5C79D11E12}.Release|Any CPU.ActiveCfg = Release|Any CPU
		{0BB2BA00-48D7-26A5-BA54-8F5C79D11E12}.Release|Any CPU.Build.0 = Release|Any CPU
		{B0D1C373-B366-827B-C738-157E0388B543}.Debug|Any CPU.ActiveCfg = Debug|Any CPU
		{B0D1C373-B366-827B-C738-157E0388B543}.Debug|Any CPU.Build.0 = Debug|Any CPU
		{B0D1C373-B366-827B-C738-157E0388B543}.Release|Any CPU.ActiveCfg = Release|Any CPU
		{B0D1C373-B366-827B-C738-157E0388B543}.Release|Any CPU.Build.0 = Release|Any CPU
		{46C2CD6B-0FA0-48D4-A48C-177AAD543B99}.Debug|Any CPU.ActiveCfg = Debug|Any CPU
		{46C2CD6B-0FA0-48D4-A48C-177AAD543B99}.Debug|Any CPU.Build.0 = Debug|Any CPU
		{46C2CD6B-0FA0-48D4-A48C-177AAD543B99}.Release|Any CPU.ActiveCfg = Release|Any CPU
		{46C2CD6B-0FA0-48D4-A48C-177AAD543B99}.Release|Any CPU.Build.0 = Release|Any CPU
		{DEA7D792-2893-43A2-9928-548D3A804A17}.Debug|Any CPU.ActiveCfg = Debug|Any CPU
		{DEA7D792-2893-43A2-9928-548D3A804A17}.Debug|Any CPU.Build.0 = Debug|Any CPU
		{DEA7D792-2893-43A2-9928-548D3A804A17}.Release|Any CPU.ActiveCfg = Release|Any CPU
		{DEA7D792-2893-43A2-9928-548D3A804A17}.Release|Any CPU.Build.0 = Release|Any CPU
		{B7BFBE36-74CF-4136-ADD6-0880B115A96F}.Debug|Any CPU.ActiveCfg = Debug|Any CPU
		{B7BFBE36-74CF-4136-ADD6-0880B115A96F}.Debug|Any CPU.Build.0 = Debug|Any CPU
		{B7BFBE36-74CF-4136-ADD6-0880B115A96F}.Release|Any CPU.ActiveCfg = Release|Any CPU
		{B7BFBE36-74CF-4136-ADD6-0880B115A96F}.Release|Any CPU.Build.0 = Release|Any CPU
		{D5CF9303-BB33-E10D-4FFF-10AA1EB8B12C}.Debug|Any CPU.ActiveCfg = Debug|Any CPU
		{D5CF9303-BB33-E10D-4FFF-10AA1EB8B12C}.Debug|Any CPU.Build.0 = Debug|Any CPU
		{D5CF9303-BB33-E10D-4FFF-10AA1EB8B12C}.Release|Any CPU.ActiveCfg = Release|Any CPU
		{D5CF9303-BB33-E10D-4FFF-10AA1EB8B12C}.Release|Any CPU.Build.0 = Release|Any CPU
		{6C822AB5-6384-23E1-B0E3-28A1EE58F18C}.Debug|Any CPU.ActiveCfg = Debug|Any CPU
		{6C822AB5-6384-23E1-B0E3-28A1EE58F18C}.Debug|Any CPU.Build.0 = Debug|Any CPU
		{6C822AB5-6384-23E1-B0E3-28A1EE58F18C}.Release|Any CPU.ActiveCfg = Release|Any CPU
		{6C822AB5-6384-23E1-B0E3-28A1EE58F18C}.Release|Any CPU.Build.0 = Release|Any CPU
		{8324F904-95AA-E040-09D8-D74A400A55B4}.Debug|Any CPU.ActiveCfg = Debug|Any CPU
		{8324F904-95AA-E040-09D8-D74A400A55B4}.Debug|Any CPU.Build.0 = Debug|Any CPU
		{8324F904-95AA-E040-09D8-D74A400A55B4}.Release|Any CPU.ActiveCfg = Release|Any CPU
		{8324F904-95AA-E040-09D8-D74A400A55B4}.Release|Any CPU.Build.0 = Release|Any CPU
		{D38467B2-F66A-A6C6-080F-C44D6A5BC398}.Debug|Any CPU.ActiveCfg = Debug|Any CPU
		{D38467B2-F66A-A6C6-080F-C44D6A5BC398}.Debug|Any CPU.Build.0 = Debug|Any CPU
		{D38467B2-F66A-A6C6-080F-C44D6A5BC398}.Release|Any CPU.ActiveCfg = Release|Any CPU
		{D38467B2-F66A-A6C6-080F-C44D6A5BC398}.Release|Any CPU.Build.0 = Release|Any CPU
		{1BDA8EC0-1EA9-4336-A174-60833476DEBD}.Debug|Any CPU.ActiveCfg = Debug|Any CPU
		{1BDA8EC0-1EA9-4336-A174-60833476DEBD}.Debug|Any CPU.Build.0 = Debug|Any CPU
		{1BDA8EC0-1EA9-4336-A174-60833476DEBD}.Release|Any CPU.ActiveCfg = Release|Any CPU
		{1BDA8EC0-1EA9-4336-A174-60833476DEBD}.Release|Any CPU.Build.0 = Release|Any CPU
	EndGlobalSection
	GlobalSection(SolutionProperties) = preSolution
		HideSolutionNode = FALSE
	EndGlobalSection
	GlobalSection(ExtensibilityGlobals) = postSolution
		SolutionGuid = {BE0C349E-30D9-4DAC-9713-A5658DDA19BF}
	EndGlobalSection
EndGlobal
