
Microsoft Visual Studio Solution File, Format Version 12.00
# Visual Studio Version 17
VisualStudioVersion = 17.12.35527.113 d17.12
MinimumVisualStudioVersion = 10.0.40219.1
Project("{FAE04EC0-301F-11D3-BF4B-00C04F79EFBC}") = "Notification.Api", "Notification.Api\Notification.Api.csproj", "{B2C37435-99C9-49EF-ADEF-883795B3B5D5}"
EndProject
Project("{FAE04EC0-301F-11D3-BF4B-00C04F79EFBC}") = "Notification.Domain", "Notification.Domain\Notification.Domain.csproj", "{B34518CB-3DBB-495A-A6F4-BDE9F140212E}"
EndProject
Project("{FAE04EC0-301F-11D3-BF4B-00C04F79EFBC}") = "Notification.Infrastrcture", "Notification.Infrastrcture\Notification.Infrastrcture.csproj", "{A2713A32-BDA3-4229-834F-73F45A7C7B45}"
EndProject
Project("{FAE04EC0-301F-11D3-BF4B-00C04F79EFBC}") = "Notification.Application", "Notification.Application\Notification.Application.csproj", "{403C178C-196F-429D-BAFF-F8981E1118B2}"
EndProject
Global
	GlobalSection(SolutionConfigurationPlatforms) = preSolution
		Debug|Any CPU = Debug|Any CPU
		Release|Any CPU = Release|Any CPU
	EndGlobalSection
	GlobalSection(ProjectConfigurationPlatforms) = postSolution
		{B2C37435-99C9-49EF-ADEF-883795B3B5D5}.Debug|Any CPU.ActiveCfg = Debug|Any CPU
		{B2C37435-99C9-49EF-ADEF-883795B3B5D5}.Debug|Any CPU.Build.0 = Debug|Any CPU
		{B2C37435-99C9-49EF-ADEF-883795B3B5D5}.Release|Any CPU.ActiveCfg = Release|Any CPU
		{B2C37435-99C9-49EF-ADEF-883795B3B5D5}.Release|Any CPU.Build.0 = Release|Any CPU
		{B34518CB-3DBB-495A-A6F4-BDE9F140212E}.Debug|Any CPU.ActiveCfg = Debug|Any CPU
		{B34518CB-3DBB-495A-A6F4-BDE9F140212E}.Debug|Any CPU.Build.0 = Debug|Any CPU
		{B34518CB-3DBB-495A-A6F4-BDE9F140212E}.Release|Any CPU.ActiveCfg = Release|Any CPU
		{B34518CB-3DBB-495A-A6F4-BDE9F140212E}.Release|Any CPU.Build.0 = Release|Any CPU
		{A2713A32-BDA3-4229-834F-73F45A7C7B45}.Debug|Any CPU.ActiveCfg = Debug|Any CPU
		{A2713A32-BDA3-4229-834F-73F45A7C7B45}.Debug|Any CPU.Build.0 = Debug|Any CPU
		{A2713A32-BDA3-4229-834F-73F45A7C7B45}.Release|Any CPU.ActiveCfg = Release|Any CPU
		{A2713A32-BDA3-4229-834F-73F45A7C7B45}.Release|Any CPU.Build.0 = Release|Any CPU
		{403C178C-196F-429D-BAFF-F8981E1118B2}.Debug|Any CPU.ActiveCfg = Debug|Any CPU
		{403C178C-196F-429D-BAFF-F8981E1118B2}.Debug|Any CPU.Build.0 = Debug|Any CPU
		{403C178C-196F-429D-BAFF-F8981E1118B2}.Release|Any CPU.ActiveCfg = Release|Any CPU
		{403C178C-196F-429D-BAFF-F8981E1118B2}.Release|Any CPU.Build.0 = Release|Any CPU
	EndGlobalSection
	GlobalSection(SolutionProperties) = preSolution
		HideSolutionNode = FALSE
	EndGlobalSection
EndGlobal
