
Microsoft Visual Studio Solution File, Format Version 12.00
# Visual Studio Version 17
VisualStudioVersion = 17.13.35931.197 d17.13
MinimumVisualStudioVersion = 10.0.40219.1
Project("{FAE04EC0-301F-11D3-BF4B-00C04F79EFBC}") = "AccountService.Api", "AccountService.Api\AccountService.Api.csproj", "{26E5131F-A05B-D72E-ECE3-9EB47F663CF2}"
EndProject
Project("{FAE04EC0-301F-11D3-BF4B-00C04F79EFBC}") = "AccountService.Application", "AccountService.Application\AccountService.Application.csproj", "{334DA276-3F9E-951C-D220-2DCD570B705A}"
EndProject
Project("{FAE04EC0-301F-11D3-BF4B-00C04F79EFBC}") = "AccountService.Domain", "AccountService.Domain\AccountService.Domain.csproj", "{E1C9AF3A-580B-3289-336B-57DCBDBD6427}"
EndProject
Project("{FAE04EC0-301F-11D3-BF4B-00C04F79EFBC}") = "AccountService.Infrastructure", "AccountService.Infrastructure\AccountService.Infrastructure.csproj", "{5AE348F1-3FEB-20D3-703E-E23310BED80A}"
EndProject
Global
	GlobalSection(SolutionConfigurationPlatforms) = preSolution
		Debug|Any CPU = Debug|Any CPU
		Release|Any CPU = Release|Any CPU
	EndGlobalSection
	GlobalSection(ProjectConfigurationPlatforms) = postSolution
		{26E5131F-A05B-D72E-ECE3-9EB47F663CF2}.Debug|Any CPU.ActiveCfg = Debug|Any CPU
		{26E5131F-A05B-D72E-ECE3-9EB47F663CF2}.Debug|Any CPU.Build.0 = Debug|Any CPU
		{26E5131F-A05B-D72E-ECE3-9EB47F663CF2}.Release|Any CPU.ActiveCfg = Release|Any CPU
		{26E5131F-A05B-D72E-ECE3-9EB47F663CF2}.Release|Any CPU.Build.0 = Release|Any CPU
		{334DA276-3F9E-951C-D220-2DCD570B705A}.Debug|Any CPU.ActiveCfg = Debug|Any CPU
		{334DA276-3F9E-951C-D220-2DCD570B705A}.Debug|Any CPU.Build.0 = Debug|Any CPU
		{334DA276-3F9E-951C-D220-2DCD570B705A}.Release|Any CPU.ActiveCfg = Release|Any CPU
		{334DA276-3F9E-951C-D220-2DCD570B705A}.Release|Any CPU.Build.0 = Release|Any CPU
		{E1C9AF3A-580B-3289-336B-57DCBDBD6427}.Debug|Any CPU.ActiveCfg = Debug|Any CPU
		{E1C9AF3A-580B-3289-336B-57DCBDBD6427}.Debug|Any CPU.Build.0 = Debug|Any CPU
		{E1C9AF3A-580B-3289-336B-57DCBDBD6427}.Release|Any CPU.ActiveCfg = Release|Any CPU
		{E1C9AF3A-580B-3289-336B-57DCBDBD6427}.Release|Any CPU.Build.0 = Release|Any CPU
		{5AE348F1-3FEB-20D3-703E-E23310BED80A}.Debug|Any CPU.ActiveCfg = Debug|Any CPU
		{5AE348F1-3FEB-20D3-703E-E23310BED80A}.Debug|Any CPU.Build.0 = Debug|Any CPU
		{5AE348F1-3FEB-20D3-703E-E23310BED80A}.Release|Any CPU.ActiveCfg = Release|Any CPU
		{5AE348F1-3FEB-20D3-703E-E23310BED80A}.Release|Any CPU.Build.0 = Release|Any CPU
	EndGlobalSection
	GlobalSection(SolutionProperties) = preSolution
		HideSolutionNode = FALSE
	EndGlobalSection
	GlobalSection(ExtensibilityGlobals) = postSolution
		SolutionGuid = {4C3EF198-DD90-4C4B-A5EC-9ABF4C865F22}
	EndGlobalSection
EndGlobal
